PODS:
  - BijectiveDictionary (1.0.1):
    - BijectiveDictionary/OPCCopying (= 1.0.1)
  - BijectiveDictionary/OPCCopying (1.0.1)

DEPENDENCIES:
  - BijectiveDictionary (from `../`)

EXTERNAL SOURCES:
  BijectiveDictionary:
    :path: ../

SPEC CHECKSUMS:
  BijectiveDictionary: 79c5a502e74ef7776d6411f3236e7ebaf60bc918

COCOAPODS: 0.39.0
